
Microsoft Visual Studio Solution File, Format Version 11.00
# Visual Studio 2010
Project("{8BC9CEB8-8B4A-11D0-8D11-00A0C91BC942}") = "boostpro2010", "boostpro2010\boostpro2010.vcxproj", "{2904695B-1160-46A2-A5F5-6E53CA77A297}"
EndProject
Global
	GlobalSection(SolutionConfigurationPlatforms) = preSolution
		Debug|Win32 = Debug|Win32
		Release|Win32 = Release|Win32
	EndGlobalSection
	GlobalSection(ProjectConfigurationPlatforms) = postSolution
		{2904695B-1160-46A2-A5F5-6E53CA77A297}.Debug|Win32.ActiveCfg = Debug|Win32
		{2904695B-1160-46A2-A5F5-6E53CA77A297}.Debug|Win32.Build.0 = Debug|Win32
		{2904695B-1160-46A2-A5F5-6E53CA77A297}.Release|Win32.ActiveCfg = Release|Win32
		{2904695B-1160-46A2-A5F5-6E53CA77A297}.Release|Win32.Build.0 = Release|Win32
	EndGlobalSection
	GlobalSection(SolutionProperties) = preSolution
		HideSolutionNode = FALSE
	EndGlobalSection
EndGlobal
